<?xml version="1.0" encoding="utf-8"?>
<Project ToolsVersion="4.0" xmlns="http://schemas.microsoft.com/developer/msbuild/2003">
  <ItemGroup>
    <Filter Include="src">
      <UniqueIdentifier>{3fd55e2e-78a4-4483-bcec-4bb4700bfef3}</UniqueIdentifier>
    </Filter>
    <Filter Include="include">
      <UniqueIdentifier>{0e6d1851-733a-46e0-9ea3-8fa3ecea5e63}</UniqueIdentifier>
    </Filter>
  </ItemGroup>
  <ItemGroup>
    <ClInclude Include="include\Animation.hpp">
      <Filter>include</Filter>
    </ClInclude>
    <ClInclude Include="include\Music.hpp">
      <Filter>include</Filter>
    </ClInclude>
    <ClInclude Include="include\ResourceManager.hpp">
      <Filter>include</Filter>
    </ClInclude>
    <ClInclude Include="include\SoundEffect.hpp">
      <Filter>include</Filter>
    </ClInclude>
    <ClInclude Include="include\Spritesheet.hpp">
      <Filter>include</Filter>
    </ClInclude>
    <ClInclude Include="include\strutil.hpp">
      <Filter>include</Filter>
    </ClInclude>
    <ClInclude Include="include\Texture.hpp">
      <Filter>include</Filter>
    </ClInclude>
    <ClInclude Include="include\Timer.hpp">
      <Filter>include</Filter>
    </ClInclude>
  </ItemGroup>
  <ItemGroup>
    <ClCompile Include="src\Animation.cpp">
      <Filter>src</Filter>
    </ClCompile>
    <ClCompile Include="src\Music.cpp">
      <Filter>src</Filter>
    </ClCompile>
    <ClCompile Include="src\ResourceManager.cpp">
      <Filter>src</Filter>
    </ClCompile>
    <ClCompile Include="src\SoundEffect.cpp">
      <Filter>src</Filter>
    </ClCompile>
    <ClCompile Include="src\Spritesheet.cpp">
      <Filter>src</Filter>
    </ClCompile>
    <ClCompile Include="src\strutil.cpp">
      <Filter>src</Filter>
    </ClCompile>
    <ClCompile Include="src\Texture.cpp">
      <Filter>src</Filter>
    </ClCompile>
    <ClCompile Include="src\Timer.cpp">
      <Filter>src</Filter>
    </ClCompile>
    <ClCompile Include="src\Main.cpp">
      <Filter>src</Filter>
    </ClCompile>
  </ItemGroup>
</Project>